{
    "name": "@master/styles",
    "lockfileVersion": 2,
    "requires": true,
    "packages": {
        "": {
            "name": "@master/styles",
            "license": "MIT",
            "funding": {
                "url": "https://opencollective.com/master-style"
            },
            "peerDependencies": {
                "@master/style": "^1.0.0-alpha.24"
            }
        },
        "node_modules/@master/style": {
            "version": "1.0.0-alpha.24",
            "resolved": "https://registry.npmjs.org/@master/style/-/style-1.0.0-alpha.24.tgz",
            "integrity": "sha512-yfU3jwojJeROZBAztvd/lVJKy7QSG8yQHHTGjxP6/adVnkKu+GuZG6tbqjpCRET9AXrhnNADzkvwlvfHlVBx7Q==",
            "peer": true,
            "funding": {
                "url": "https://opencollective.com/master-style"
            }
        }
    },
    "dependencies": {
        "@master/style": {
            "version": "1.0.0-alpha.24",
            "resolved": "https://registry.npmjs.org/@master/style/-/style-1.0.0-alpha.24.tgz",
            "integrity": "sha512-yfU3jwojJeROZBAztvd/lVJKy7QSG8yQHHTGjxP6/adVnkKu+GuZG6tbqjpCRET9AXrhnNADzkvwlvfHlVBx7Q==",
            "peer": true
        }
    }
}
