{
    "name": "@master/styles",
    "lockfileVersion": 2,
    "requires": true,
    "packages": {
        "": {
            "name": "@master/styles",
            "license": "MIT",
            "funding": {
                "url": "https://docs.master.co/styles/donate"
            },
            "peerDependencies": {
                "@master/style": "^1.0.0"
            }
        },
        "node_modules/@master/style": {
            "version": "1.0.0",
            "resolved": "https://registry.npmjs.org/@master/style/-/style-1.0.0.tgz",
            "integrity": "sha512-DsAD6C/g8ZX2O/+wYMKCD75cq1EKLDzwECja2mTpiNpxQZziszCITy6OsPIzx5p7yHSKZPKstw1HDBFOvbiATQ==",
            "peer": true,
            "funding": {
                "url": "https://docs.master.co/styles/donate"
            }
        }
    },
    "dependencies": {
        "@master/style": {
            "version": "1.0.0",
            "resolved": "https://registry.npmjs.org/@master/style/-/style-1.0.0.tgz",
            "integrity": "sha512-DsAD6C/g8ZX2O/+wYMKCD75cq1EKLDzwECja2mTpiNpxQZziszCITy6OsPIzx5p7yHSKZPKstw1HDBFOvbiATQ==",
            "peer": true
        }
    }
}
