{
    "name": "@master/styles",
    "lockfileVersion": 2,
    "requires": true,
    "packages": {
        "": {
            "name": "@master/styles",
            "license": "MIT",
            "funding": {
                "url": "https://opencollective.com/master-co"
            },
            "peerDependencies": {
                "@master/style": "^1.0.0-beta"
            }
        },
        "node_modules/@master/style": {
            "version": "1.0.0-beta.37",
            "resolved": "https://registry.npmjs.org/@master/style/-/style-1.0.0-beta.37.tgz",
            "integrity": "sha512-I78jhJz37o5ejeCDeI77+g1Kx13zAPA0/pDSQCnBfvBK5bCadangOXNteVUit1DiH3dUQbl00N9w3Nrl1u5Ysg==",
            "peer": true,
            "funding": {
                "url": "https://opencollective.com/master-co"
            }
        }
    },
    "dependencies": {
        "@master/style": {
            "version": "1.0.0-beta.37",
            "resolved": "https://registry.npmjs.org/@master/style/-/style-1.0.0-beta.37.tgz",
            "integrity": "sha512-I78jhJz37o5ejeCDeI77+g1Kx13zAPA0/pDSQCnBfvBK5bCadangOXNteVUit1DiH3dUQbl00N9w3Nrl1u5Ysg==",
            "peer": true
        }
    }
}
